
Microsoft Visual Studio Solution File, Format Version 12.00
# Visual Studio 15
VisualStudioVersion = 15.0.27130.2010
MinimumVisualStudioVersion = 10.0.40219.1
Project("{FAE04EC0-301F-11D3-BF4B-00C04F79EFBC}") = "RevisionUpToSection5_Part2", "RevisionUpToSection5_Part2\RevisionUpToSection5_Part2.csproj", "{27C6AD77-C20E-4A59-9260-94D49F2C4D3D}"
EndProject
Global
	GlobalSection(SolutionConfigurationPlatforms) = preSolution
		Debug|Any CPU = Debug|Any CPU
		Release|Any CPU = Release|Any CPU
	EndGlobalSection
	GlobalSection(ProjectConfigurationPlatforms) = postSolution
		{27C6AD77-C20E-4A59-9260-94D49F2C4D3D}.Debug|Any CPU.ActiveCfg = Debug|Any CPU
		{27C6AD77-C20E-4A59-9260-94D49F2C4D3D}.Debug|Any CPU.Build.0 = Debug|Any CPU
		{27C6AD77-C20E-4A59-9260-94D49F2C4D3D}.Release|Any CPU.ActiveCfg = Release|Any CPU
		{27C6AD77-C20E-4A59-9260-94D49F2C4D3D}.Release|Any CPU.Build.0 = Release|Any CPU
	EndGlobalSection
	GlobalSection(SolutionProperties) = preSolution
		HideSolutionNode = FALSE
	EndGlobalSection
	GlobalSection(ExtensibilityGlobals) = postSolution
		SolutionGuid = {A0746E31-7228-45CF-AB33-AC4637AC9402}
	EndGlobalSection
EndGlobal
